
Microsoft Visual Studio Solution File, Format Version 12.00
# Visual Studio 15
VisualStudioVersion = 15.0.27130.2003
MinimumVisualStudioVersion = 10.0.40219.1
Project("{FAE04EC0-301F-11D3-BF4B-00C04F79EFBC}") = "Capa Presentación", "Annies Store\Capa Presentación.csproj", "{849CABF2-E15B-43B0-A4EA-DED7C002E864}"
EndProject
Project("{FAE04EC0-301F-11D3-BF4B-00C04F79EFBC}") = "Capa Entidad", "Capa Entidad\Capa Entidad.csproj", "{C47F7104-D21B-43E9-A281-A54C70A17A14}"
EndProject
Project("{FAE04EC0-301F-11D3-BF4B-00C04F79EFBC}") = "Capa Negocio", "Capa Negocio\Capa Negocio.csproj", "{15B571E6-B789-467F-88BD-1F945D5DD70B}"
EndProject
Project("{FAE04EC0-301F-11D3-BF4B-00C04F79EFBC}") = "Capa de datos", "Capa de datos\Capa de datos.csproj", "{9CA45329-3870-4942-A8A4-47BD841A68CA}"
EndProject
Global
	GlobalSection(SolutionConfigurationPlatforms) = preSolution
		Debug|Any CPU = Debug|Any CPU
		Release|Any CPU = Release|Any CPU
	EndGlobalSection
	GlobalSection(ProjectConfigurationPlatforms) = postSolution
		{849CABF2-E15B-43B0-A4EA-DED7C002E864}.Debug|Any CPU.ActiveCfg = Debug|Any CPU
		{849CABF2-E15B-43B0-A4EA-DED7C002E864}.Debug|Any CPU.Build.0 = Debug|Any CPU
		{849CABF2-E15B-43B0-A4EA-DED7C002E864}.Release|Any CPU.ActiveCfg = Release|Any CPU
		{849CABF2-E15B-43B0-A4EA-DED7C002E864}.Release|Any CPU.Build.0 = Release|Any CPU
		{C47F7104-D21B-43E9-A281-A54C70A17A14}.Debug|Any CPU.ActiveCfg = Debug|Any CPU
		{C47F7104-D21B-43E9-A281-A54C70A17A14}.Debug|Any CPU.Build.0 = Debug|Any CPU
		{C47F7104-D21B-43E9-A281-A54C70A17A14}.Release|Any CPU.ActiveCfg = Release|Any CPU
		{C47F7104-D21B-43E9-A281-A54C70A17A14}.Release|Any CPU.Build.0 = Release|Any CPU
		{15B571E6-B789-467F-88BD-1F945D5DD70B}.Debug|Any CPU.ActiveCfg = Debug|Any CPU
		{15B571E6-B789-467F-88BD-1F945D5DD70B}.Debug|Any CPU.Build.0 = Debug|Any CPU
		{15B571E6-B789-467F-88BD-1F945D5DD70B}.Release|Any CPU.ActiveCfg = Release|Any CPU
		{15B571E6-B789-467F-88BD-1F945D5DD70B}.Release|Any CPU.Build.0 = Release|Any CPU
		{9CA45329-3870-4942-A8A4-47BD841A68CA}.Debug|Any CPU.ActiveCfg = Debug|Any CPU
		{9CA45329-3870-4942-A8A4-47BD841A68CA}.Debug|Any CPU.Build.0 = Debug|Any CPU
		{9CA45329-3870-4942-A8A4-47BD841A68CA}.Release|Any CPU.ActiveCfg = Release|Any CPU
		{9CA45329-3870-4942-A8A4-47BD841A68CA}.Release|Any CPU.Build.0 = Release|Any CPU
	EndGlobalSection
	GlobalSection(SolutionProperties) = preSolution
		HideSolutionNode = FALSE
	EndGlobalSection
	GlobalSection(ExtensibilityGlobals) = postSolution
		SolutionGuid = {39B96A66-C622-49E6-B87B-4C5A90AF6314}
	EndGlobalSection
EndGlobal
